
Microsoft Visual Studio Solution File, Format Version 12.00
# Visual Studio Version 16
VisualStudioVersion = 16.0.29418.71
MinimumVisualStudioVersion = 10.0.40219.1
Project("{FAE04EC0-301F-11D3-BF4B-00C04F79EFBC}") = "Array2", "Array2\Array2.csproj", "{48CDCB6C-856E-4EDF-91BE-7F2CB87E761C}"
EndProject
Global
	GlobalSection(SolutionConfigurationPlatforms) = preSolution
		Debug|Any CPU = Debug|Any CPU
		Release|Any CPU = Release|Any CPU
	EndGlobalSection
	GlobalSection(ProjectConfigurationPlatforms) = postSolution
		{48CDCB6C-856E-4EDF-91BE-7F2CB87E761C}.Debug|Any CPU.ActiveCfg = Debug|Any CPU
		{48CDCB6C-856E-4EDF-91BE-7F2CB87E761C}.Debug|Any CPU.Build.0 = Debug|Any CPU
		{48CDCB6C-856E-4EDF-91BE-7F2CB87E761C}.Release|Any CPU.ActiveCfg = Release|Any CPU
		{48CDCB6C-856E-4EDF-91BE-7F2CB87E761C}.Release|Any CPU.Build.0 = Release|Any CPU
	EndGlobalSection
	GlobalSection(SolutionProperties) = preSolution
		HideSolutionNode = FALSE
	EndGlobalSection
	GlobalSection(ExtensibilityGlobals) = postSolution
		SolutionGuid = {AE7FDACD-2153-4DF1-AA78-8E1B288DD1FE}
	EndGlobalSection
EndGlobal
