
Microsoft Visual Studio Solution File, Format Version 12.00
# Visual Studio Version 16
VisualStudioVersion = 16.0.29418.71
MinimumVisualStudioVersion = 10.0.40219.1
Project("{FAE04EC0-301F-11D3-BF4B-00C04F79EFBC}") = "array4", "array4\array4.csproj", "{88A409C9-2045-4456-A61A-3A407550314E}"
EndProject
Global
	GlobalSection(SolutionConfigurationPlatforms) = preSolution
		Debug|Any CPU = Debug|Any CPU
		Release|Any CPU = Release|Any CPU
	EndGlobalSection
	GlobalSection(ProjectConfigurationPlatforms) = postSolution
		{88A409C9-2045-4456-A61A-3A407550314E}.Debug|Any CPU.ActiveCfg = Debug|Any CPU
		{88A409C9-2045-4456-A61A-3A407550314E}.Debug|Any CPU.Build.0 = Debug|Any CPU
		{88A409C9-2045-4456-A61A-3A407550314E}.Release|Any CPU.ActiveCfg = Release|Any CPU
		{88A409C9-2045-4456-A61A-3A407550314E}.Release|Any CPU.Build.0 = Release|Any CPU
	EndGlobalSection
	GlobalSection(SolutionProperties) = preSolution
		HideSolutionNode = FALSE
	EndGlobalSection
	GlobalSection(ExtensibilityGlobals) = postSolution
		SolutionGuid = {552ABC29-BA03-4A8B-B1CC-D0F3CBB2F662}
	EndGlobalSection
EndGlobal
