
Microsoft Visual Studio Solution File, Format Version 12.00
# Visual Studio Version 16
VisualStudioVersion = 16.0.29418.71
MinimumVisualStudioVersion = 10.0.40219.1
Project("{FAE04EC0-301F-11D3-BF4B-00C04F79EFBC}") = "string8", "string8\string8.csproj", "{A178365E-7D68-494F-AA52-DC4DFF094706}"
EndProject
Global
	GlobalSection(SolutionConfigurationPlatforms) = preSolution
		Debug|Any CPU = Debug|Any CPU
		Release|Any CPU = Release|Any CPU
	EndGlobalSection
	GlobalSection(ProjectConfigurationPlatforms) = postSolution
		{A178365E-7D68-494F-AA52-DC4DFF094706}.Debug|Any CPU.ActiveCfg = Debug|Any CPU
		{A178365E-7D68-494F-AA52-DC4DFF094706}.Debug|Any CPU.Build.0 = Debug|Any CPU
		{A178365E-7D68-494F-AA52-DC4DFF094706}.Release|Any CPU.ActiveCfg = Release|Any CPU
		{A178365E-7D68-494F-AA52-DC4DFF094706}.Release|Any CPU.Build.0 = Release|Any CPU
	EndGlobalSection
	GlobalSection(SolutionProperties) = preSolution
		HideSolutionNode = FALSE
	EndGlobalSection
	GlobalSection(ExtensibilityGlobals) = postSolution
		SolutionGuid = {00FB73E8-1C5F-46E4-A418-5AE05EB09706}
	EndGlobalSection
EndGlobal
